// !$*UTF8*$!
{
	archiveVersion = 1;
	classes = {
	};
	objectVersion = 50;
	objects = {

/* Begin PBXBuildFile section */
		4037F5C8217AC45700DEE0C5 /* AppDelegate.m in Sources */ = {isa = PBXBuildFile; fileRef = 4037F5C7217AC45700DEE0C5 /* AppDelegate.m */; };
		4037F5CE217AC45700DEE0C5 /* Main.storyboard in Resources */ = {isa = PBXBuildFile; fileRef = 4037F5CC217AC45700DEE0C5 /* Main.storyboard */; };
		4037F5D0217AC45900DEE0C5 /* Assets.xcassets in Resources */ = {isa = PBXBuildFile; fileRef = 4037F5CF217AC45900DEE0C5 /* Assets.xcassets */; };
		4037F5D3217AC45900DEE0C5 /* LaunchScreen.storyboard in Resources */ = {isa = PBXBuildFile; fileRef = 4037F5D1217AC45900DEE0C5 /* LaunchScreen.storyboard */; };
		4037F5D6217AC45900DEE0C5 /* main.m in Sources */ = {isa = PBXBuildFile; fileRef = 4037F5D5217AC45900DEE0C5 /* main.m */; };
		4037F5E5217AC4DE00DEE0C5 /* BaseViewController.m in Sources */ = {isa = PBXBuildFile; fileRef = 4037F5E4217AC4DE00DEE0C5 /* BaseViewController.m */; };
		4037F5E8217AC65900DEE0C5 /* MainViewController.m in Sources */ = {isa = PBXBuildFile; fileRef = 4037F5E7217AC65900DEE0C5 /* MainViewController.m */; };
		4037F5EB217AC75400DEE0C5 /* HomeViewController.m in Sources */ = {isa = PBXBuildFile; fileRef = 4037F5EA217AC75400DEE0C5 /* HomeViewController.m */; };
		4037F5EE217AC77100DEE0C5 /* AccountViewController.m in Sources */ = {isa = PBXBuildFile; fileRef = 4037F5ED217AC77100DEE0C5 /* AccountViewController.m */; };
		4037F5F6217ACAAF00DEE0C5 /* NaviBarView.m in Sources */ = {isa = PBXBuildFile; fileRef = 4037F5F5217ACAAF00DEE0C5 /* NaviBarView.m */; };
		4037F5FA217ACECF00DEE0C5 /* UIView+Extension.m in Sources */ = {isa = PBXBuildFile; fileRef = 4037F5F8217ACECE00DEE0C5 /* UIView+Extension.m */; };
		4037F5FD217AE95900DEE0C5 /* FirstViewController.m in Sources */ = {isa = PBXBuildFile; fileRef = 4037F5FC217AE95900DEE0C5 /* FirstViewController.m */; };
		4037F600217AE96200DEE0C5 /* SecondViewController.m in Sources */ = {isa = PBXBuildFile; fileRef = 4037F5FF217AE96200DEE0C5 /* SecondViewController.m */; };
		4037F607217AEAE300DEE0C5 /* BaseNavigationController.m in Sources */ = {isa = PBXBuildFile; fileRef = 4037F606217AEAE300DEE0C5 /* BaseNavigationController.m */; };
		4037F60B217AFA7C00DEE0C5 /* RTLHelper.m in Sources */ = {isa = PBXBuildFile; fileRef = 4037F60A217AFA7C00DEE0C5 /* RTLHelper.m */; };
		4037F60E217AFB8100DEE0C5 /* UINavigationController+FDFullscreenPopGesture.m in Sources */ = {isa = PBXBuildFile; fileRef = 4037F60D217AFB8100DEE0C5 /* UINavigationController+FDFullscreenPopGesture.m */; };
		4037F611217AFC7E00DEE0C5 /* SetLanguageViewController.m in Sources */ = {isa = PBXBuildFile; fileRef = 4037F610217AFC7E00DEE0C5 /* SetLanguageViewController.m */; };
		4037F624217B0A9400DEE0C5 /* AlertUtils.m in Sources */ = {isa = PBXBuildFile; fileRef = 4037F622217B0A9400DEE0C5 /* AlertUtils.m */; };
		4037F627217B0C7900DEE0C5 /* UIImage+RTL.m in Sources */ = {isa = PBXBuildFile; fileRef = 4037F626217B0C7900DEE0C5 /* UIImage+RTL.m */; };
		4037F62A217B1E7B00DEE0C5 /* IContext.m in Sources */ = {isa = PBXBuildFile; fileRef = 4037F629217B1E7B00DEE0C5 /* IContext.m */; };
		4037F630217B2ED900DEE0C5 /* MBProgressHUD.m in Sources */ = {isa = PBXBuildFile; fileRef = 4037F62C217B2ED900DEE0C5 /* MBProgressHUD.m */; };
		4037F631217B2ED900DEE0C5 /* LICENSE in Resources */ = {isa = PBXBuildFile; fileRef = 4037F62D217B2ED900DEE0C5 /* LICENSE */; };
		4037F632217B2ED900DEE0C5 /* README.mdown in Resources */ = {isa = PBXBuildFile; fileRef = 4037F62F217B2ED900DEE0C5 /* README.mdown */; };
/* End PBXBuildFile section */

/* Begin PBXFileReference section */
		4037F5C3217AC45700DEE0C5 /* FDFullScreenPopGestureDemo.app */ = {isa = PBXFileReference; explicitFileType = wrapper.application; includeInIndex = 0; path = FDFullScreenPopGestureDemo.app; sourceTree = BUILT_PRODUCTS_DIR; };
		4037F5C6217AC45700DEE0C5 /* AppDelegate.h */ = {isa = PBXFileReference; lastKnownFileType = sourcecode.c.h; path = AppDelegate.h; sourceTree = "<group>"; };
		4037F5C7217AC45700DEE0C5 /* AppDelegate.m */ = {isa = PBXFileReference; lastKnownFileType = sourcecode.c.objc; path = AppDelegate.m; sourceTree = "<group>"; };
		4037F5CD217AC45700DEE0C5 /* Base */ = {isa = PBXFileReference; lastKnownFileType = file.storyboard; name = Base; path = Base.lproj/Main.storyboard; sourceTree = "<group>"; };
		4037F5CF217AC45900DEE0C5 /* Assets.xcassets */ = {isa = PBXFileReference; lastKnownFileType = folder.assetcatalog; path = Assets.xcassets; sourceTree = "<group>"; };
		4037F5D2217AC45900DEE0C5 /* Base */ = {isa = PBXFileReference; lastKnownFileType = file.storyboard; name = Base; path = Base.lproj/LaunchScreen.storyboard; sourceTree = "<group>"; };
		4037F5D4217AC45900DEE0C5 /* Info.plist */ = {isa = PBXFileReference; lastKnownFileType = text.plist.xml; path = Info.plist; sourceTree = "<group>"; };
		4037F5D5217AC45900DEE0C5 /* main.m */ = {isa = PBXFileReference; lastKnownFileType = sourcecode.c.objc; path = main.m; sourceTree = "<group>"; };
		4037F5E3217AC4DE00DEE0C5 /* BaseViewController.h */ = {isa = PBXFileReference; lastKnownFileType = sourcecode.c.h; path = BaseViewController.h; sourceTree = "<group>"; };
		4037F5E4217AC4DE00DEE0C5 /* BaseViewController.m */ = {isa = PBXFileReference; lastKnownFileType = sourcecode.c.objc; path = BaseViewController.m; sourceTree = "<group>"; };
		4037F5E6217AC65900DEE0C5 /* MainViewController.h */ = {isa = PBXFileReference; lastKnownFileType = sourcecode.c.h; path = MainViewController.h; sourceTree = "<group>"; };
		4037F5E7217AC65900DEE0C5 /* MainViewController.m */ = {isa = PBXFileReference; lastKnownFileType = sourcecode.c.objc; path = MainViewController.m; sourceTree = "<group>"; };
		4037F5E9217AC75400DEE0C5 /* HomeViewController.h */ = {isa = PBXFileReference; lastKnownFileType = sourcecode.c.h; path = HomeViewController.h; sourceTree = "<group>"; };
		4037F5EA217AC75400DEE0C5 /* HomeViewController.m */ = {isa = PBXFileReference; lastKnownFileType = sourcecode.c.objc; path = HomeViewController.m; sourceTree = "<group>"; };
		4037F5EC217AC77100DEE0C5 /* AccountViewController.h */ = {isa = PBXFileReference; lastKnownFileType = sourcecode.c.h; path = AccountViewController.h; sourceTree = "<group>"; };
		4037F5ED217AC77100DEE0C5 /* AccountViewController.m */ = {isa = PBXFileReference; lastKnownFileType = sourcecode.c.objc; path = AccountViewController.m; sourceTree = "<group>"; };
		4037F5F4217ACAAF00DEE0C5 /* NaviBarView.h */ = {isa = PBXFileReference; lastKnownFileType = sourcecode.c.h; path = NaviBarView.h; sourceTree = "<group>"; };
		4037F5F5217ACAAF00DEE0C5 /* NaviBarView.m */ = {isa = PBXFileReference; lastKnownFileType = sourcecode.c.objc; path = NaviBarView.m; sourceTree = "<group>"; };
		4037F5F8217ACECE00DEE0C5 /* UIView+Extension.m */ = {isa = PBXFileReference; fileEncoding = 4; lastKnownFileType = sourcecode.c.objc; path = "UIView+Extension.m"; sourceTree = "<group>"; };
		4037F5F9217ACECE00DEE0C5 /* UIView+Extension.h */ = {isa = PBXFileReference; fileEncoding = 4; lastKnownFileType = sourcecode.c.h; path = "UIView+Extension.h"; sourceTree = "<group>"; };
		4037F5FB217AE95900DEE0C5 /* FirstViewController.h */ = {isa = PBXFileReference; lastKnownFileType = sourcecode.c.h; path = FirstViewController.h; sourceTree = "<group>"; };
		4037F5FC217AE95900DEE0C5 /* FirstViewController.m */ = {isa = PBXFileReference; lastKnownFileType = sourcecode.c.objc; path = FirstViewController.m; sourceTree = "<group>"; };
		4037F5FE217AE96200DEE0C5 /* SecondViewController.h */ = {isa = PBXFileReference; lastKnownFileType = sourcecode.c.h; path = SecondViewController.h; sourceTree = "<group>"; };
		4037F5FF217AE96200DEE0C5 /* SecondViewController.m */ = {isa = PBXFileReference; lastKnownFileType = sourcecode.c.objc; path = SecondViewController.m; sourceTree = "<group>"; };
		4037F605217AEAE300DEE0C5 /* BaseNavigationController.h */ = {isa = PBXFileReference; lastKnownFileType = sourcecode.c.h; path = BaseNavigationController.h; sourceTree = "<group>"; };
		4037F606217AEAE300DEE0C5 /* BaseNavigationController.m */ = {isa = PBXFileReference; lastKnownFileType = sourcecode.c.objc; path = BaseNavigationController.m; sourceTree = "<group>"; };
		4037F609217AFA7C00DEE0C5 /* RTLHelper.h */ = {isa = PBXFileReference; lastKnownFileType = sourcecode.c.h; path = RTLHelper.h; sourceTree = "<group>"; };
		4037F60A217AFA7C00DEE0C5 /* RTLHelper.m */ = {isa = PBXFileReference; lastKnownFileType = sourcecode.c.objc; path = RTLHelper.m; sourceTree = "<group>"; };
		4037F60C217AFB8000DEE0C5 /* UINavigationController+FDFullscreenPopGesture.h */ = {isa = PBXFileReference; fileEncoding = 4; lastKnownFileType = sourcecode.c.h; path = "UINavigationController+FDFullscreenPopGesture.h"; sourceTree = "<group>"; };
		4037F60D217AFB8100DEE0C5 /* UINavigationController+FDFullscreenPopGesture.m */ = {isa = PBXFileReference; fileEncoding = 4; lastKnownFileType = sourcecode.c.objc; path = "UINavigationController+FDFullscreenPopGesture.m"; sourceTree = "<group>"; };
		4037F60F217AFC7E00DEE0C5 /* SetLanguageViewController.h */ = {isa = PBXFileReference; lastKnownFileType = sourcecode.c.h; path = SetLanguageViewController.h; sourceTree = "<group>"; };
		4037F610217AFC7E00DEE0C5 /* SetLanguageViewController.m */ = {isa = PBXFileReference; lastKnownFileType = sourcecode.c.objc; path = SetLanguageViewController.m; sourceTree = "<group>"; };
		4037F622217B0A9400DEE0C5 /* AlertUtils.m */ = {isa = PBXFileReference; fileEncoding = 4; lastKnownFileType = sourcecode.c.objc; path = AlertUtils.m; sourceTree = "<group>"; };
		4037F623217B0A9400DEE0C5 /* AlertUtils.h */ = {isa = PBXFileReference; fileEncoding = 4; lastKnownFileType = sourcecode.c.h; path = AlertUtils.h; sourceTree = "<group>"; };
		4037F625217B0C7900DEE0C5 /* UIImage+RTL.h */ = {isa = PBXFileReference; lastKnownFileType = sourcecode.c.h; path = "UIImage+RTL.h"; sourceTree = "<group>"; };
		4037F626217B0C7900DEE0C5 /* UIImage+RTL.m */ = {isa = PBXFileReference; lastKnownFileType = sourcecode.c.objc; path = "UIImage+RTL.m"; sourceTree = "<group>"; };
		4037F628217B1E7B00DEE0C5 /* IContext.h */ = {isa = PBXFileReference; lastKnownFileType = sourcecode.c.h; path = IContext.h; sourceTree = "<group>"; };
		4037F629217B1E7B00DEE0C5 /* IContext.m */ = {isa = PBXFileReference; lastKnownFileType = sourcecode.c.objc; path = IContext.m; sourceTree = "<group>"; };
		4037F62C217B2ED900DEE0C5 /* MBProgressHUD.m */ = {isa = PBXFileReference; fileEncoding = 4; lastKnownFileType = sourcecode.c.objc; path = MBProgressHUD.m; sourceTree = "<group>"; };
		4037F62D217B2ED900DEE0C5 /* LICENSE */ = {isa = PBXFileReference; fileEncoding = 4; lastKnownFileType = text; path = LICENSE; sourceTree = "<group>"; };
		4037F62E217B2ED900DEE0C5 /* MBProgressHUD.h */ = {isa = PBXFileReference; fileEncoding = 4; lastKnownFileType = sourcecode.c.h; path = MBProgressHUD.h; sourceTree = "<group>"; };
		4037F62F217B2ED900DEE0C5 /* README.mdown */ = {isa = PBXFileReference; fileEncoding = 4; lastKnownFileType = net.daringfireball.markdown; path = README.mdown; sourceTree = "<group>"; };
/* End PBXFileReference section */

/* Begin PBXFrameworksBuildPhase section */
		4037F5C0217AC45700DEE0C5 /* Frameworks */ = {
			isa = PBXFrameworksBuildPhase;
			buildActionMask = 2147483647;
			files = (
			);
			runOnlyForDeploymentPostprocessing = 0;
		};
/* End PBXFrameworksBuildPhase section */

/* Begin PBXGroup section */
		4037F5BA217AC45700DEE0C5 = {
			isa = PBXGroup;
			children = (
				4037F5C5217AC45700DEE0C5 /* FDFullScreenPopGestureDemo */,
				4037F5C4217AC45700DEE0C5 /* Products */,
			);
			sourceTree = "<group>";
		};
		4037F5C4217AC45700DEE0C5 /* Products */ = {
			isa = PBXGroup;
			children = (
				4037F5C3217AC45700DEE0C5 /* FDFullScreenPopGestureDemo.app */,
			);
			name = Products;
			sourceTree = "<group>";
		};
		4037F5C5217AC45700DEE0C5 /* FDFullScreenPopGestureDemo */ = {
			isa = PBXGroup;
			children = (
				4037F5C6217AC45700DEE0C5 /* AppDelegate.h */,
				4037F5C7217AC45700DEE0C5 /* AppDelegate.m */,
				4037F62B217B2ED900DEE0C5 /* MBProgressHUD */,
				4037F608217AFA6300DEE0C5 /* Tool */,
				4037F5DC217AC47400DEE0C5 /* FDFullscreenPopGesture */,
				4037F604217AEAB300DEE0C5 /* Base */,
				4037F5F7217ACEBA00DEE0C5 /* Category */,
				4037F5F0217ACA2900DEE0C5 /* View */,
				4037F5EF217ACA2200DEE0C5 /* Controller */,
				4037F5CC217AC45700DEE0C5 /* Main.storyboard */,
				4037F5CF217AC45900DEE0C5 /* Assets.xcassets */,
				4037F5D1217AC45900DEE0C5 /* LaunchScreen.storyboard */,
				4037F5D4217AC45900DEE0C5 /* Info.plist */,
				4037F5D5217AC45900DEE0C5 /* main.m */,
			);
			path = FDFullScreenPopGestureDemo;
			sourceTree = "<group>";
		};
		4037F5DC217AC47400DEE0C5 /* FDFullscreenPopGesture */ = {
			isa = PBXGroup;
			children = (
				4037F60C217AFB8000DEE0C5 /* UINavigationController+FDFullscreenPopGesture.h */,
				4037F60D217AFB8100DEE0C5 /* UINavigationController+FDFullscreenPopGesture.m */,
			);
			path = FDFullscreenPopGesture;
			sourceTree = "<group>";
		};
		4037F5EF217ACA2200DEE0C5 /* Controller */ = {
			isa = PBXGroup;
			children = (
				4037F5E6217AC65900DEE0C5 /* MainViewController.h */,
				4037F5E7217AC65900DEE0C5 /* MainViewController.m */,
				4037F5E9217AC75400DEE0C5 /* HomeViewController.h */,
				4037F5EA217AC75400DEE0C5 /* HomeViewController.m */,
				4037F5EC217AC77100DEE0C5 /* AccountViewController.h */,
				4037F5ED217AC77100DEE0C5 /* AccountViewController.m */,
				4037F5FB217AE95900DEE0C5 /* FirstViewController.h */,
				4037F5FC217AE95900DEE0C5 /* FirstViewController.m */,
				4037F5FE217AE96200DEE0C5 /* SecondViewController.h */,
				4037F5FF217AE96200DEE0C5 /* SecondViewController.m */,
				4037F60F217AFC7E00DEE0C5 /* SetLanguageViewController.h */,
				4037F610217AFC7E00DEE0C5 /* SetLanguageViewController.m */,
			);
			path = Controller;
			sourceTree = "<group>";
		};
		4037F5F0217ACA2900DEE0C5 /* View */ = {
			isa = PBXGroup;
			children = (
				4037F5F4217ACAAF00DEE0C5 /* NaviBarView.h */,
				4037F5F5217ACAAF00DEE0C5 /* NaviBarView.m */,
			);
			path = View;
			sourceTree = "<group>";
		};
		4037F5F7217ACEBA00DEE0C5 /* Category */ = {
			isa = PBXGroup;
			children = (
				4037F5F9217ACECE00DEE0C5 /* UIView+Extension.h */,
				4037F5F8217ACECE00DEE0C5 /* UIView+Extension.m */,
				4037F625217B0C7900DEE0C5 /* UIImage+RTL.h */,
				4037F626217B0C7900DEE0C5 /* UIImage+RTL.m */,
			);
			path = Category;
			sourceTree = "<group>";
		};
		4037F604217AEAB300DEE0C5 /* Base */ = {
			isa = PBXGroup;
			children = (
				4037F5E3217AC4DE00DEE0C5 /* BaseViewController.h */,
				4037F5E4217AC4DE00DEE0C5 /* BaseViewController.m */,
				4037F605217AEAE300DEE0C5 /* BaseNavigationController.h */,
				4037F606217AEAE300DEE0C5 /* BaseNavigationController.m */,
			);
			path = Base;
			sourceTree = "<group>";
		};
		4037F608217AFA6300DEE0C5 /* Tool */ = {
			isa = PBXGroup;
			children = (
				4037F609217AFA7C00DEE0C5 /* RTLHelper.h */,
				4037F60A217AFA7C00DEE0C5 /* RTLHelper.m */,
				4037F623217B0A9400DEE0C5 /* AlertUtils.h */,
				4037F622217B0A9400DEE0C5 /* AlertUtils.m */,
				4037F628217B1E7B00DEE0C5 /* IContext.h */,
				4037F629217B1E7B00DEE0C5 /* IContext.m */,
			);
			path = Tool;
			sourceTree = "<group>";
		};
		4037F62B217B2ED900DEE0C5 /* MBProgressHUD */ = {
			isa = PBXGroup;
			children = (
				4037F62C217B2ED900DEE0C5 /* MBProgressHUD.m */,
				4037F62D217B2ED900DEE0C5 /* LICENSE */,
				4037F62E217B2ED900DEE0C5 /* MBProgressHUD.h */,
				4037F62F217B2ED900DEE0C5 /* README.mdown */,
			);
			path = MBProgressHUD;
			sourceTree = "<group>";
		};
/* End PBXGroup section */

/* Begin PBXNativeTarget section */
		4037F5C2217AC45700DEE0C5 /* FDFullScreenPopGestureDemo */ = {
			isa = PBXNativeTarget;
			buildConfigurationList = 4037F5D9217AC45900DEE0C5 /* Build configuration list for PBXNativeTarget "FDFullScreenPopGestureDemo" */;
			buildPhases = (
				4037F5BF217AC45700DEE0C5 /* Sources */,
				4037F5C0217AC45700DEE0C5 /* Frameworks */,
				4037F5C1217AC45700DEE0C5 /* Resources */,
			);
			buildRules = (
			);
			dependencies = (
			);
			name = FDFullScreenPopGestureDemo;
			productName = FDFullScreenPopGestureDemo;
			productReference = 4037F5C3217AC45700DEE0C5 /* FDFullScreenPopGestureDemo.app */;
			productType = "com.apple.product-type.application";
		};
/* End PBXNativeTarget section */

/* Begin PBXProject section */
		4037F5BB217AC45700DEE0C5 /* Project object */ = {
			isa = PBXProject;
			attributes = {
				LastUpgradeCheck = 0940;
				ORGANIZATIONNAME = cs;
				TargetAttributes = {
					4037F5C2217AC45700DEE0C5 = {
						CreatedOnToolsVersion = 9.4.1;
					};
				};
			};
			buildConfigurationList = 4037F5BE217AC45700DEE0C5 /* Build configuration list for PBXProject "FDFullScreenPopGestureDemo" */;
			compatibilityVersion = "Xcode 9.3";
			developmentRegion = en;
			hasScannedForEncodings = 0;
			knownRegions = (
				en,
				Base,
			);
			mainGroup = 4037F5BA217AC45700DEE0C5;
			productRefGroup = 4037F5C4217AC45700DEE0C5 /* Products */;
			projectDirPath = "";
			projectRoot = "";
			targets = (
				4037F5C2217AC45700DEE0C5 /* FDFullScreenPopGestureDemo */,
			);
		};
/* End PBXProject section */

/* Begin PBXResourcesBuildPhase section */
		4037F5C1217AC45700DEE0C5 /* Resources */ = {
			isa = PBXResourcesBuildPhase;
			buildActionMask = 2147483647;
			files = (
				4037F5D3217AC45900DEE0C5 /* LaunchScreen.storyboard in Resources */,
				4037F5D0217AC45900DEE0C5 /* Assets.xcassets in Resources */,
				4037F631217B2ED900DEE0C5 /* LICENSE in Resources */,
				4037F5CE217AC45700DEE0C5 /* Main.storyboard in Resources */,
				4037F632217B2ED900DEE0C5 /* README.mdown in Resources */,
			);
			runOnlyForDeploymentPostprocessing = 0;
		};
/* End PBXResourcesBuildPhase section */

/* Begin PBXSourcesBuildPhase section */
		4037F5BF217AC45700DEE0C5 /* Sources */ = {
			isa = PBXSourcesBuildPhase;
			buildActionMask = 2147483647;
			files = (
				4037F627217B0C7900DEE0C5 /* UIImage+RTL.m in Sources */,
				4037F624217B0A9400DEE0C5 /* AlertUtils.m in Sources */,
				4037F5FA217ACECF00DEE0C5 /* UIView+Extension.m in Sources */,
				4037F5D6217AC45900DEE0C5 /* main.m in Sources */,
				4037F5E5217AC4DE00DEE0C5 /* BaseViewController.m in Sources */,
				4037F611217AFC7E00DEE0C5 /* SetLanguageViewController.m in Sources */,
				4037F5EE217AC77100DEE0C5 /* AccountViewController.m in Sources */,
				4037F607217AEAE300DEE0C5 /* BaseNavigationController.m in Sources */,
				4037F5E8217AC65900DEE0C5 /* MainViewController.m in Sources */,
				4037F60B217AFA7C00DEE0C5 /* RTLHelper.m in Sources */,
				4037F62A217B1E7B00DEE0C5 /* IContext.m in Sources */,
				4037F5C8217AC45700DEE0C5 /* AppDelegate.m in Sources */,
				4037F5FD217AE95900DEE0C5 /* FirstViewController.m in Sources */,
				4037F630217B2ED900DEE0C5 /* MBProgressHUD.m in Sources */,
				4037F600217AE96200DEE0C5 /* SecondViewController.m in Sources */,
				4037F5F6217ACAAF00DEE0C5 /* NaviBarView.m in Sources */,
				4037F60E217AFB8100DEE0C5 /* UINavigationController+FDFullscreenPopGesture.m in Sources */,
				4037F5EB217AC75400DEE0C5 /* HomeViewController.m in Sources */,
			);
			runOnlyForDeploymentPostprocessing = 0;
		};
/* End PBXSourcesBuildPhase section */

/* Begin PBXVariantGroup section */
		4037F5CC217AC45700DEE0C5 /* Main.storyboard */ = {
			isa = PBXVariantGroup;
			children = (
				4037F5CD217AC45700DEE0C5 /* Base */,
			);
			name = Main.storyboard;
			sourceTree = "<group>";
		};
		4037F5D1217AC45900DEE0C5 /* LaunchScreen.storyboard */ = {
			isa = PBXVariantGroup;
			children = (
				4037F5D2217AC45900DEE0C5 /* Base */,
			);
			name = LaunchScreen.storyboard;
			sourceTree = "<group>";
		};
/* End PBXVariantGroup section */

/* Begin XCBuildConfiguration section */
		4037F5D7217AC45900DEE0C5 /* Debug */ = {
			isa = XCBuildConfiguration;
			buildSettings = {
				ALWAYS_SEARCH_USER_PATHS = NO;
				CLANG_ANALYZER_NONNULL = YES;
				CLANG_ANALYZER_NUMBER_OBJECT_CONVERSION = YES_AGGRESSIVE;
				CLANG_CXX_LANGUAGE_STANDARD = "gnu++14";
				CLANG_CXX_LIBRARY = "libc++";
				CLANG_ENABLE_MODULES = YES;
				CLANG_ENABLE_OBJC_ARC = YES;
				CLANG_ENABLE_OBJC_WEAK = YES;
				CLANG_WARN_BLOCK_CAPTURE_AUTORELEASING = YES;
				CLANG_WARN_BOOL_CONVERSION = YES;
				CLANG_WARN_COMMA = YES;
				CLANG_WARN_CONSTANT_CONVERSION = YES;
				CLANG_WARN_DEPRECATED_OBJC_IMPLEMENTATIONS = YES;
				CLANG_WARN_DIRECT_OBJC_ISA_USAGE = YES_ERROR;
				CLANG_WARN_DOCUMENTATION_COMMENTS = YES;
				CLANG_WARN_EMPTY_BODY = YES;
				CLANG_WARN_ENUM_CONVERSION = YES;
				CLANG_WARN_INFINITE_RECURSION = YES;
				CLANG_WARN_INT_CONVERSION = YES;
				CLANG_WARN_NON_LITERAL_NULL_CONVERSION = YES;
				CLANG_WARN_OBJC_IMPLICIT_RETAIN_SELF = YES;
				CLANG_WARN_OBJC_LITERAL_CONVERSION = YES;
				CLANG_WARN_OBJC_ROOT_CLASS = YES_ERROR;
				CLANG_WARN_RANGE_LOOP_ANALYSIS = YES;
				CLANG_WARN_STRICT_PROTOTYPES = YES;
				CLANG_WARN_SUSPICIOUS_MOVE = YES;
				CLANG_WARN_UNGUARDED_AVAILABILITY = YES_AGGRESSIVE;
				CLANG_WARN_UNREACHABLE_CODE = YES;
				CLANG_WARN__DUPLICATE_METHOD_MATCH = YES;
				CODE_SIGN_IDENTITY = "iPhone Developer";
				COPY_PHASE_STRIP = NO;
				DEBUG_INFORMATION_FORMAT = dwarf;
				ENABLE_STRICT_OBJC_MSGSEND = YES;
				ENABLE_TESTABILITY = YES;
				GCC_C_LANGUAGE_STANDARD = gnu11;
				GCC_DYNAMIC_NO_PIC = NO;
				GCC_NO_COMMON_BLOCKS = YES;
				GCC_OPTIMIZATION_LEVEL = 0;
				GCC_PREPROCESSOR_DEFINITIONS = (
					"DEBUG=1",
					"$(inherited)",
				);
				GCC_WARN_64_TO_32_BIT_CONVERSION = YES;
				GCC_WARN_ABOUT_RETURN_TYPE = YES_ERROR;
				GCC_WARN_UNDECLARED_SELECTOR = YES;
				GCC_WARN_UNINITIALIZED_AUTOS = YES_AGGRESSIVE;
				GCC_WARN_UNUSED_FUNCTION = YES;
				GCC_WARN_UNUSED_VARIABLE = YES;
				IPHONEOS_DEPLOYMENT_TARGET = 11.4;
				MTL_ENABLE_DEBUG_INFO = YES;
				ONLY_ACTIVE_ARCH = YES;
				SDKROOT = iphoneos;
			};
			name = Debug;
		};
		4037F5D8217AC45900DEE0C5 /* Release */ = {
			isa = XCBuildConfiguration;
			buildSettings = {
				ALWAYS_SEARCH_USER_PATHS = NO;
				CLANG_ANALYZER_NONNULL = YES;
				CLANG_ANALYZER_NUMBER_OBJECT_CONVERSION = YES_AGGRESSIVE;
				CLANG_CXX_LANGUAGE_STANDARD = "gnu++14";
				CLANG_CXX_LIBRARY = "libc++";
				CLANG_ENABLE_MODULES = YES;
				CLANG_ENABLE_OBJC_ARC = YES;
				CLANG_ENABLE_OBJC_WEAK = YES;
				CLANG_WARN_BLOCK_CAPTURE_AUTORELEASING = YES;
				CLANG_WARN_BOOL_CONVERSION = YES;
				CLANG_WARN_COMMA = YES;
				CLANG_WARN_CONSTANT_CONVERSION = YES;
				CLANG_WARN_DEPRECATED_OBJC_IMPLEMENTATIONS = YES;
				CLANG_WARN_DIRECT_OBJC_ISA_USAGE = YES_ERROR;
				CLANG_WARN_DOCUMENTATION_COMMENTS = YES;
				CLANG_WARN_EMPTY_BODY = YES;
				CLANG_WARN_ENUM_CONVERSION = YES;
				CLANG_WARN_INFINITE_RECURSION = YES;
				CLANG_WARN_INT_CONVERSION = YES;
				CLANG_WARN_NON_LITERAL_NULL_CONVERSION = YES;
				CLANG_WARN_OBJC_IMPLICIT_RETAIN_SELF = YES;
				CLANG_WARN_OBJC_LITERAL_CONVERSION = YES;
				CLANG_WARN_OBJC_ROOT_CLASS = YES_ERROR;
				CLANG_WARN_RANGE_LOOP_ANALYSIS = YES;
				CLANG_WARN_STRICT_PROTOTYPES = YES;
				CLANG_WARN_SUSPICIOUS_MOVE = YES;
				CLANG_WARN_UNGUARDED_AVAILABILITY = YES_AGGRESSIVE;
				CLANG_WARN_UNREACHABLE_CODE = YES;
				CLANG_WARN__DUPLICATE_METHOD_MATCH = YES;
				CODE_SIGN_IDENTITY = "iPhone Developer";
				COPY_PHASE_STRIP = NO;
				DEBUG_INFORMATION_FORMAT = "dwarf-with-dsym";
				ENABLE_NS_ASSERTIONS = NO;
				ENABLE_STRICT_OBJC_MSGSEND = YES;
				GCC_C_LANGUAGE_STANDARD = gnu11;
				GCC_NO_COMMON_BLOCKS = YES;
				GCC_WARN_64_TO_32_BIT_CONVERSION = YES;
				GCC_WARN_ABOUT_RETURN_TYPE = YES_ERROR;
				GCC_WARN_UNDECLARED_SELECTOR = YES;
				GCC_WARN_UNINITIALIZED_AUTOS = YES_AGGRESSIVE;
				GCC_WARN_UNUSED_FUNCTION = YES;
				GCC_WARN_UNUSED_VARIABLE = YES;
				IPHONEOS_DEPLOYMENT_TARGET = 11.4;
				MTL_ENABLE_DEBUG_INFO = NO;
				SDKROOT = iphoneos;
				VALIDATE_PRODUCT = YES;
			};
			name = Release;
		};
		4037F5DA217AC45900DEE0C5 /* Debug */ = {
			isa = XCBuildConfiguration;
			buildSettings = {
				ASSETCATALOG_COMPILER_APPICON_NAME = AppIcon;
				CODE_SIGN_STYLE = Automatic;
				DEVELOPMENT_TEAM = C2V259WG54;
				INFOPLIST_FILE = FDFullScreenPopGestureDemo/Info.plist;
				LD_RUNPATH_SEARCH_PATHS = (
					"$(inherited)",
					"@executable_path/Frameworks",
				);
				PRODUCT_BUNDLE_IDENTIFIER = cs.FDFullScreenPopGestureDemo;
				PRODUCT_NAME = "$(TARGET_NAME)";
				TARGETED_DEVICE_FAMILY = "1,2";
			};
			name = Debug;
		};
		4037F5DB217AC45900DEE0C5 /* Release */ = {
			isa = XCBuildConfiguration;
			buildSettings = {
				ASSETCATALOG_COMPILER_APPICON_NAME = AppIcon;
				CODE_SIGN_STYLE = Automatic;
				DEVELOPMENT_TEAM = C2V259WG54;
				INFOPLIST_FILE = FDFullScreenPopGestureDemo/Info.plist;
				LD_RUNPATH_SEARCH_PATHS = (
					"$(inherited)",
					"@executable_path/Frameworks",
				);
				PRODUCT_BUNDLE_IDENTIFIER = cs.FDFullScreenPopGestureDemo;
				PRODUCT_NAME = "$(TARGET_NAME)";
				TARGETED_DEVICE_FAMILY = "1,2";
			};
			name = Release;
		};
/* End XCBuildConfiguration section */

/* Begin XCConfigurationList section */
		4037F5BE217AC45700DEE0C5 /* Build configuration list for PBXProject "FDFullScreenPopGestureDemo" */ = {
			isa = XCConfigurationList;
			buildConfigurations = (
				4037F5D7217AC45900DEE0C5 /* Debug */,
				4037F5D8217AC45900DEE0C5 /* Release */,
			);
			defaultConfigurationIsVisible = 0;
			defaultConfigurationName = Release;
		};
		4037F5D9217AC45900DEE0C5 /* Build configuration list for PBXNativeTarget "FDFullScreenPopGestureDemo" */ = {
			isa = XCConfigurationList;
			buildConfigurations = (
				4037F5DA217AC45900DEE0C5 /* Debug */,
				4037F5DB217AC45900DEE0C5 /* Release */,
			);
			defaultConfigurationIsVisible = 0;
			defaultConfigurationName = Release;
		};
/* End XCConfigurationList section */
	};
	rootObject = 4037F5BB217AC45700DEE0C5 /* Project object */;
}
